// !$*UTF8*$!
{
	archiveVersion = 1;
	classes = {
	};
	objectVersion = 56;
	objects = {

/* Begin PBXBuildFile section */
		AEF2056D2A4ED80700CA99D1 /* AppDelegate.swift in Sources */ = {isa = PBXBuildFile; fileRef = AEF2056C2A4ED80700CA99D1 /* AppDelegate.swift */; };
		AEF2056F2A4ED80700CA99D1 /* SceneDelegate.swift in Sources */ = {isa = PBXBuildFile; fileRef = AEF2056E2A4ED80700CA99D1 /* SceneDelegate.swift */; };
		AEF205762A4ED80700CA99D1 /* Assets.xcassets in Resources */ = {isa = PBXBuildFile; fileRef = AEF205752A4ED80700CA99D1 /* Assets.xcassets */; };
		AEF205792A4ED80700CA99D1 /* LaunchScreen.storyboard in Resources */ = {isa = PBXBuildFile; fileRef = AEF205772A4ED80700CA99D1 /* LaunchScreen.storyboard */; };
		AEF205862A4ED96600CA99D1 /* PeopleListVC.swift in Sources */ = {isa = PBXBuildFile; fileRef = AEF205852A4ED96600CA99D1 /* PeopleListVC.swift */; };
		AEF205892A4EDAF200CA99D1 /* PeopleListContentView.swift in Sources */ = {isa = PBXBuildFile; fileRef = AEF205882A4EDAF200CA99D1 /* PeopleListContentView.swift */; };
		AEF2058C2A4EDC5800CA99D1 /* StringConstant.swift in Sources */ = {isa = PBXBuildFile; fileRef = AEF2058B2A4EDC5800CA99D1 /* StringConstant.swift */; };
		AEF2058F2A4EDDB400CA99D1 /* PeopleListViewModel.swift in Sources */ = {isa = PBXBuildFile; fileRef = AEF2058E2A4EDDB400CA99D1 /* PeopleListViewModel.swift */; };
/* End PBXBuildFile section */

/* Begin PBXFileReference section */
		AEF205692A4ED80700CA99D1 /* PipedriveTakeHome.app */ = {isa = PBXFileReference; explicitFileType = wrapper.application; includeInIndex = 0; path = PipedriveTakeHome.app; sourceTree = BUILT_PRODUCTS_DIR; };
		AEF2056C2A4ED80700CA99D1 /* AppDelegate.swift */ = {isa = PBXFileReference; lastKnownFileType = sourcecode.swift; path = AppDelegate.swift; sourceTree = "<group>"; };
		AEF2056E2A4ED80700CA99D1 /* SceneDelegate.swift */ = {isa = PBXFileReference; lastKnownFileType = sourcecode.swift; path = SceneDelegate.swift; sourceTree = "<group>"; };
		AEF205752A4ED80700CA99D1 /* Assets.xcassets */ = {isa = PBXFileReference; lastKnownFileType = folder.assetcatalog; path = Assets.xcassets; sourceTree = "<group>"; };
		AEF205782A4ED80700CA99D1 /* Base */ = {isa = PBXFileReference; lastKnownFileType = file.storyboard; name = Base; path = Base.lproj/LaunchScreen.storyboard; sourceTree = "<group>"; };
		AEF2057A2A4ED80700CA99D1 /* Info.plist */ = {isa = PBXFileReference; lastKnownFileType = text.plist.xml; path = Info.plist; sourceTree = "<group>"; };
		AEF205852A4ED96600CA99D1 /* PeopleListVC.swift */ = {isa = PBXFileReference; lastKnownFileType = sourcecode.swift; path = PeopleListVC.swift; sourceTree = "<group>"; };
		AEF205882A4EDAF200CA99D1 /* PeopleListContentView.swift */ = {isa = PBXFileReference; lastKnownFileType = sourcecode.swift; path = PeopleListContentView.swift; sourceTree = "<group>"; };
		AEF2058B2A4EDC5800CA99D1 /* StringConstant.swift */ = {isa = PBXFileReference; lastKnownFileType = sourcecode.swift; path = StringConstant.swift; sourceTree = "<group>"; };
		AEF2058E2A4EDDB400CA99D1 /* PeopleListViewModel.swift */ = {isa = PBXFileReference; lastKnownFileType = sourcecode.swift; path = PeopleListViewModel.swift; sourceTree = "<group>"; };
/* End PBXFileReference section */

/* Begin PBXFrameworksBuildPhase section */
		AEF205662A4ED80700CA99D1 /* Frameworks */ = {
			isa = PBXFrameworksBuildPhase;
			buildActionMask = 2147483647;
			files = (
			);
			runOnlyForDeploymentPostprocessing = 0;
		};
/* End PBXFrameworksBuildPhase section */

/* Begin PBXGroup section */
		AEF205602A4ED80700CA99D1 = {
			isa = PBXGroup;
			children = (
				AEF2056B2A4ED80700CA99D1 /* PipedriveTakeHome */,
				AEF2056A2A4ED80700CA99D1 /* Products */,
			);
			sourceTree = "<group>";
		};
		AEF2056A2A4ED80700CA99D1 /* Products */ = {
			isa = PBXGroup;
			children = (
				AEF205692A4ED80700CA99D1 /* PipedriveTakeHome.app */,
			);
			name = Products;
			sourceTree = "<group>";
		};
		AEF2056B2A4ED80700CA99D1 /* PipedriveTakeHome */ = {
			isa = PBXGroup;
			children = (
				AEF2058A2A4EDC3200CA99D1 /* Resource */,
				AEF205812A4ED88400CA99D1 /* Source */,
				AEF205802A4ED87000CA99D1 /* Support */,
				AEF2057A2A4ED80700CA99D1 /* Info.plist */,
			);
			path = PipedriveTakeHome;
			sourceTree = "<group>";
		};
		AEF205802A4ED87000CA99D1 /* Support */ = {
			isa = PBXGroup;
			children = (
				AEF2056C2A4ED80700CA99D1 /* AppDelegate.swift */,
				AEF2056E2A4ED80700CA99D1 /* SceneDelegate.swift */,
				AEF205752A4ED80700CA99D1 /* Assets.xcassets */,
				AEF205772A4ED80700CA99D1 /* LaunchScreen.storyboard */,
			);
			path = Support;
			sourceTree = "<group>";
		};
		AEF205812A4ED88400CA99D1 /* Source */ = {
			isa = PBXGroup;
			children = (
				AEF205822A4ED88F00CA99D1 /* Modules */,
			);
			path = Source;
			sourceTree = "<group>";
		};
		AEF205822A4ED88F00CA99D1 /* Modules */ = {
			isa = PBXGroup;
			children = (
				AEF205832A4ED89500CA99D1 /* PeopleList */,
			);
			path = Modules;
			sourceTree = "<group>";
		};
		AEF205832A4ED89500CA99D1 /* PeopleList */ = {
			isa = PBXGroup;
			children = (
				AEF2058D2A4EDD9E00CA99D1 /* ViewModel */,
				AEF205872A4EDAD000CA99D1 /* View */,
				AEF205842A4ED95200CA99D1 /* VC */,
			);
			path = PeopleList;
			sourceTree = "<group>";
		};
		AEF205842A4ED95200CA99D1 /* VC */ = {
			isa = PBXGroup;
			children = (
				AEF205852A4ED96600CA99D1 /* PeopleListVC.swift */,
			);
			path = VC;
			sourceTree = "<group>";
		};
		AEF205872A4EDAD000CA99D1 /* View */ = {
			isa = PBXGroup;
			children = (
				AEF205882A4EDAF200CA99D1 /* PeopleListContentView.swift */,
			);
			path = View;
			sourceTree = "<group>";
		};
		AEF2058A2A4EDC3200CA99D1 /* Resource */ = {
			isa = PBXGroup;
			children = (
				AEF2058B2A4EDC5800CA99D1 /* StringConstant.swift */,
			);
			path = Resource;
			sourceTree = "<group>";
		};
		AEF2058D2A4EDD9E00CA99D1 /* ViewModel */ = {
			isa = PBXGroup;
			children = (
				AEF2058E2A4EDDB400CA99D1 /* PeopleListViewModel.swift */,
			);
			path = ViewModel;
			sourceTree = "<group>";
		};
/* End PBXGroup section */

/* Begin PBXNativeTarget section */
		AEF205682A4ED80700CA99D1 /* PipedriveTakeHome */ = {
			isa = PBXNativeTarget;
			buildConfigurationList = AEF2057D2A4ED80700CA99D1 /* Build configuration list for PBXNativeTarget "PipedriveTakeHome" */;
			buildPhases = (
				AEF205652A4ED80700CA99D1 /* Sources */,
				AEF205662A4ED80700CA99D1 /* Frameworks */,
				AEF205672A4ED80700CA99D1 /* Resources */,
			);
			buildRules = (
			);
			dependencies = (
			);
			name = PipedriveTakeHome;
			productName = PipedriveTakeHome;
			productReference = AEF205692A4ED80700CA99D1 /* PipedriveTakeHome.app */;
			productType = "com.apple.product-type.application";
		};
/* End PBXNativeTarget section */

/* Begin PBXProject section */
		AEF205612A4ED80700CA99D1 /* Project object */ = {
			isa = PBXProject;
			attributes = {
				BuildIndependentTargetsInParallel = 1;
				LastSwiftUpdateCheck = 1430;
				LastUpgradeCheck = 1430;
				TargetAttributes = {
					AEF205682A4ED80700CA99D1 = {
						CreatedOnToolsVersion = 14.3;
					};
				};
			};
			buildConfigurationList = AEF205642A4ED80700CA99D1 /* Build configuration list for PBXProject "PipedriveTakeHome" */;
			compatibilityVersion = "Xcode 14.0";
			developmentRegion = en;
			hasScannedForEncodings = 0;
			knownRegions = (
				en,
				Base,
			);
			mainGroup = AEF205602A4ED80700CA99D1;
			productRefGroup = AEF2056A2A4ED80700CA99D1 /* Products */;
			projectDirPath = "";
			projectRoot = "";
			targets = (
				AEF205682A4ED80700CA99D1 /* PipedriveTakeHome */,
			);
		};
/* End PBXProject section */

/* Begin PBXResourcesBuildPhase section */
		AEF205672A4ED80700CA99D1 /* Resources */ = {
			isa = PBXResourcesBuildPhase;
			buildActionMask = 2147483647;
			files = (
				AEF205792A4ED80700CA99D1 /* LaunchScreen.storyboard in Resources */,
				AEF205762A4ED80700CA99D1 /* Assets.xcassets in Resources */,
			);
			runOnlyForDeploymentPostprocessing = 0;
		};
/* End PBXResourcesBuildPhase section */

/* Begin PBXSourcesBuildPhase section */
		AEF205652A4ED80700CA99D1 /* Sources */ = {
			isa = PBXSourcesBuildPhase;
			buildActionMask = 2147483647;
			files = (
				AEF2056D2A4ED80700CA99D1 /* AppDelegate.swift in Sources */,
				AEF2058F2A4EDDB400CA99D1 /* PeopleListViewModel.swift in Sources */,
				AEF205892A4EDAF200CA99D1 /* PeopleListContentView.swift in Sources */,
				AEF205862A4ED96600CA99D1 /* PeopleListVC.swift in Sources */,
				AEF2056F2A4ED80700CA99D1 /* SceneDelegate.swift in Sources */,
				AEF2058C2A4EDC5800CA99D1 /* StringConstant.swift in Sources */,
			);
			runOnlyForDeploymentPostprocessing = 0;
		};
/* End PBXSourcesBuildPhase section */

/* Begin PBXVariantGroup section */
		AEF205772A4ED80700CA99D1 /* LaunchScreen.storyboard */ = {
			isa = PBXVariantGroup;
			children = (
				AEF205782A4ED80700CA99D1 /* Base */,
			);
			name = LaunchScreen.storyboard;
			sourceTree = "<group>";
		};
/* End PBXVariantGroup section */

/* Begin XCBuildConfiguration section */
		AEF2057B2A4ED80700CA99D1 /* Debug */ = {
			isa = XCBuildConfiguration;
			buildSettings = {
				ALWAYS_SEARCH_USER_PATHS = NO;
				CLANG_ANALYZER_NONNULL = YES;
				CLANG_ANALYZER_NUMBER_OBJECT_CONVERSION = YES_AGGRESSIVE;
				CLANG_CXX_LANGUAGE_STANDARD = "gnu++20";
				CLANG_ENABLE_MODULES = YES;
				CLANG_ENABLE_OBJC_ARC = YES;
				CLANG_ENABLE_OBJC_WEAK = YES;
				CLANG_WARN_BLOCK_CAPTURE_AUTORELEASING = YES;
				CLANG_WARN_BOOL_CONVERSION = YES;
				CLANG_WARN_COMMA = YES;
				CLANG_WARN_CONSTANT_CONVERSION = YES;
				CLANG_WARN_DEPRECATED_OBJC_IMPLEMENTATIONS = YES;
				CLANG_WARN_DIRECT_OBJC_ISA_USAGE = YES_ERROR;
				CLANG_WARN_DOCUMENTATION_COMMENTS = YES;
				CLANG_WARN_EMPTY_BODY = YES;
				CLANG_WARN_ENUM_CONVERSION = YES;
				CLANG_WARN_INFINITE_RECURSION = YES;
				CLANG_WARN_INT_CONVERSION = YES;
				CLANG_WARN_NON_LITERAL_NULL_CONVERSION = YES;
				CLANG_WARN_OBJC_IMPLICIT_RETAIN_SELF = YES;
				CLANG_WARN_OBJC_LITERAL_CONVERSION = YES;
				CLANG_WARN_OBJC_ROOT_CLASS = YES_ERROR;
				CLANG_WARN_QUOTED_INCLUDE_IN_FRAMEWORK_HEADER = YES;
				CLANG_WARN_RANGE_LOOP_ANALYSIS = YES;
				CLANG_WARN_STRICT_PROTOTYPES = YES;
				CLANG_WARN_SUSPICIOUS_MOVE = YES;
				CLANG_WARN_UNGUARDED_AVAILABILITY = YES_AGGRESSIVE;
				CLANG_WARN_UNREACHABLE_CODE = YES;
				CLANG_WARN__DUPLICATE_METHOD_MATCH = YES;
				COPY_PHASE_STRIP = NO;
				DEBUG_INFORMATION_FORMAT = dwarf;
				ENABLE_STRICT_OBJC_MSGSEND = YES;
				ENABLE_TESTABILITY = YES;
				GCC_C_LANGUAGE_STANDARD = gnu11;
				GCC_DYNAMIC_NO_PIC = NO;
				GCC_NO_COMMON_BLOCKS = YES;
				GCC_OPTIMIZATION_LEVEL = 0;
				GCC_PREPROCESSOR_DEFINITIONS = (
					"DEBUG=1",
					"$(inherited)",
				);
				GCC_WARN_64_TO_32_BIT_CONVERSION = YES;
				GCC_WARN_ABOUT_RETURN_TYPE = YES_ERROR;
				GCC_WARN_UNDECLARED_SELECTOR = YES;
				GCC_WARN_UNINITIALIZED_AUTOS = YES_AGGRESSIVE;
				GCC_WARN_UNUSED_FUNCTION = YES;
				GCC_WARN_UNUSED_VARIABLE = YES;
				IPHONEOS_DEPLOYMENT_TARGET = 16.4;
				MTL_ENABLE_DEBUG_INFO = INCLUDE_SOURCE;
				MTL_FAST_MATH = YES;
				ONLY_ACTIVE_ARCH = YES;
				SDKROOT = iphoneos;
				SWIFT_ACTIVE_COMPILATION_CONDITIONS = DEBUG;
				SWIFT_OPTIMIZATION_LEVEL = "-Onone";
			};
			name = Debug;
		};
		AEF2057C2A4ED80700CA99D1 /* Release */ = {
			isa = XCBuildConfiguration;
			buildSettings = {
				ALWAYS_SEARCH_USER_PATHS = NO;
				CLANG_ANALYZER_NONNULL = YES;
				CLANG_ANALYZER_NUMBER_OBJECT_CONVERSION = YES_AGGRESSIVE;
				CLANG_CXX_LANGUAGE_STANDARD = "gnu++20";
				CLANG_ENABLE_MODULES = YES;
				CLANG_ENABLE_OBJC_ARC = YES;
				CLANG_ENABLE_OBJC_WEAK = YES;
				CLANG_WARN_BLOCK_CAPTURE_AUTORELEASING = YES;
				CLANG_WARN_BOOL_CONVERSION = YES;
				CLANG_WARN_COMMA = YES;
				CLANG_WARN_CONSTANT_CONVERSION = YES;
				CLANG_WARN_DEPRECATED_OBJC_IMPLEMENTATIONS = YES;
				CLANG_WARN_DIRECT_OBJC_ISA_USAGE = YES_ERROR;
				CLANG_WARN_DOCUMENTATION_COMMENTS = YES;
				CLANG_WARN_EMPTY_BODY = YES;
				CLANG_WARN_ENUM_CONVERSION = YES;
				CLANG_WARN_INFINITE_RECURSION = YES;
				CLANG_WARN_INT_CONVERSION = YES;
				CLANG_WARN_NON_LITERAL_NULL_CONVERSION = YES;
				CLANG_WARN_OBJC_IMPLICIT_RETAIN_SELF = YES;
				CLANG_WARN_OBJC_LITERAL_CONVERSION = YES;
				CLANG_WARN_OBJC_ROOT_CLASS = YES_ERROR;
				CLANG_WARN_QUOTED_INCLUDE_IN_FRAMEWORK_HEADER = YES;
				CLANG_WARN_RANGE_LOOP_ANALYSIS = YES;
				CLANG_WARN_STRICT_PROTOTYPES = YES;
				CLANG_WARN_SUSPICIOUS_MOVE = YES;
				CLANG_WARN_UNGUARDED_AVAILABILITY = YES_AGGRESSIVE;
				CLANG_WARN_UNREACHABLE_CODE = YES;
				CLANG_WARN__DUPLICATE_METHOD_MATCH = YES;
				COPY_PHASE_STRIP = NO;
				DEBUG_INFORMATION_FORMAT = "dwarf-with-dsym";
				ENABLE_NS_ASSERTIONS = NO;
				ENABLE_STRICT_OBJC_MSGSEND = YES;
				GCC_C_LANGUAGE_STANDARD = gnu11;
				GCC_NO_COMMON_BLOCKS = YES;
				GCC_WARN_64_TO_32_BIT_CONVERSION = YES;
				GCC_WARN_ABOUT_RETURN_TYPE = YES_ERROR;
				GCC_WARN_UNDECLARED_SELECTOR = YES;
				GCC_WARN_UNINITIALIZED_AUTOS = YES_AGGRESSIVE;
				GCC_WARN_UNUSED_FUNCTION = YES;
				GCC_WARN_UNUSED_VARIABLE = YES;
				IPHONEOS_DEPLOYMENT_TARGET = 16.4;
				MTL_ENABLE_DEBUG_INFO = NO;
				MTL_FAST_MATH = YES;
				SDKROOT = iphoneos;
				SWIFT_COMPILATION_MODE = wholemodule;
				SWIFT_OPTIMIZATION_LEVEL = "-O";
				VALIDATE_PRODUCT = YES;
			};
			name = Release;
		};
		AEF2057E2A4ED80700CA99D1 /* Debug */ = {
			isa = XCBuildConfiguration;
			buildSettings = {
				ASSETCATALOG_COMPILER_APPICON_NAME = AppIcon;
				ASSETCATALOG_COMPILER_GLOBAL_ACCENT_COLOR_NAME = AccentColor;
				CODE_SIGN_STYLE = Automatic;
				CURRENT_PROJECT_VERSION = 1;
				DEVELOPMENT_TEAM = 7DQ27655C6;
				GENERATE_INFOPLIST_FILE = YES;
				INFOPLIST_FILE = PipedriveTakeHome/Info.plist;
				INFOPLIST_KEY_UIApplicationSupportsIndirectInputEvents = YES;
				INFOPLIST_KEY_UILaunchStoryboardName = LaunchScreen;
				INFOPLIST_KEY_UISupportedInterfaceOrientations_iPad = "UIInterfaceOrientationPortrait UIInterfaceOrientationPortraitUpsideDown UIInterfaceOrientationLandscapeLeft UIInterfaceOrientationLandscapeRight";
				INFOPLIST_KEY_UISupportedInterfaceOrientations_iPhone = "UIInterfaceOrientationPortrait UIInterfaceOrientationLandscapeLeft UIInterfaceOrientationLandscapeRight";
				LD_RUNPATH_SEARCH_PATHS = (
					"$(inherited)",
					"@executable_path/Frameworks",
				);
				MARKETING_VERSION = 1.0;
				PRODUCT_BUNDLE_IDENTIFIER = com.ahmerm.PipedriveTakeHome;
				PRODUCT_NAME = "$(TARGET_NAME)";
				SWIFT_EMIT_LOC_STRINGS = YES;
				SWIFT_VERSION = 5.0;
				TARGETED_DEVICE_FAMILY = "1,2";
			};
			name = Debug;
		};
		AEF2057F2A4ED80700CA99D1 /* Release */ = {
			isa = XCBuildConfiguration;
			buildSettings = {
				ASSETCATALOG_COMPILER_APPICON_NAME = AppIcon;
				ASSETCATALOG_COMPILER_GLOBAL_ACCENT_COLOR_NAME = AccentColor;
				CODE_SIGN_STYLE = Automatic;
				CURRENT_PROJECT_VERSION = 1;
				DEVELOPMENT_TEAM = 7DQ27655C6;
				GENERATE_INFOPLIST_FILE = YES;
				INFOPLIST_FILE = PipedriveTakeHome/Info.plist;
				INFOPLIST_KEY_UIApplicationSupportsIndirectInputEvents = YES;
				INFOPLIST_KEY_UILaunchStoryboardName = LaunchScreen;
				INFOPLIST_KEY_UISupportedInterfaceOrientations_iPad = "UIInterfaceOrientationPortrait UIInterfaceOrientationPortraitUpsideDown UIInterfaceOrientationLandscapeLeft UIInterfaceOrientationLandscapeRight";
				INFOPLIST_KEY_UISupportedInterfaceOrientations_iPhone = "UIInterfaceOrientationPortrait UIInterfaceOrientationLandscapeLeft UIInterfaceOrientationLandscapeRight";
				LD_RUNPATH_SEARCH_PATHS = (
					"$(inherited)",
					"@executable_path/Frameworks",
				);
				MARKETING_VERSION = 1.0;
				PRODUCT_BUNDLE_IDENTIFIER = com.ahmerm.PipedriveTakeHome;
				PRODUCT_NAME = "$(TARGET_NAME)";
				SWIFT_EMIT_LOC_STRINGS = YES;
				SWIFT_VERSION = 5.0;
				TARGETED_DEVICE_FAMILY = "1,2";
			};
			name = Release;
		};
/* End XCBuildConfiguration section */

/* Begin XCConfigurationList section */
		AEF205642A4ED80700CA99D1 /* Build configuration list for PBXProject "PipedriveTakeHome" */ = {
			isa = XCConfigurationList;
			buildConfigurations = (
				AEF2057B2A4ED80700CA99D1 /* Debug */,
				AEF2057C2A4ED80700CA99D1 /* Release */,
			);
			defaultConfigurationIsVisible = 0;
			defaultConfigurationName = Release;
		};
		AEF2057D2A4ED80700CA99D1 /* Build configuration list for PBXNativeTarget "PipedriveTakeHome" */ = {
			isa = XCConfigurationList;
			buildConfigurations = (
				AEF2057E2A4ED80700CA99D1 /* Debug */,
				AEF2057F2A4ED80700CA99D1 /* Release */,
			);
			defaultConfigurationIsVisible = 0;
			defaultConfigurationName = Release;
		};
/* End XCConfigurationList section */
	};
	rootObject = AEF205612A4ED80700CA99D1 /* Project object */;
}
