// !$*UTF8*$!
{
	archiveVersion = 1;
	classes = {
	};
	objectVersion = 56;
	objects = {

/* Begin PBXBuildFile section */
		AE0EC6242A513A0800B0BCB2 /* NetworkServiceTests.swift in Sources */ = {isa = PBXBuildFile; fileRef = AE0EC6232A513A0800B0BCB2 /* NetworkServiceTests.swift */; };
		AE0EC6262A513ACC00B0BCB2 /* MockURLProtocol.swift in Sources */ = {isa = PBXBuildFile; fileRef = AE0EC6252A513ACC00B0BCB2 /* MockURLProtocol.swift */; };
		AE0EC6282A513AFF00B0BCB2 /* ValidData.json in Resources */ = {isa = PBXBuildFile; fileRef = AE0EC6272A513AFF00B0BCB2 /* ValidData.json */; };
		AE0EC62A2A513BBB00B0BCB2 /* InvalidData.json in Resources */ = {isa = PBXBuildFile; fileRef = AE0EC6292A513BBB00B0BCB2 /* InvalidData.json */; };
		AE0EC6302A51529100B0BCB2 /* PersistenceServiceTests.swift in Sources */ = {isa = PBXBuildFile; fileRef = AE0EC62F2A51529100B0BCB2 /* PersistenceServiceTests.swift */; };
		AE0EC6342A5167FE00B0BCB2 /* PeopleRepositoryTests.swift in Sources */ = {isa = PBXBuildFile; fileRef = AE0EC6332A5167FE00B0BCB2 /* PeopleRepositoryTests.swift */; };
		AE0EC6372A5168E600B0BCB2 /* MockNetworkManager.swift in Sources */ = {isa = PBXBuildFile; fileRef = AE0EC6362A5168E600B0BCB2 /* MockNetworkManager.swift */; };
		AE0EC63A2A5169F600B0BCB2 /* MockPersistenceService.swift in Sources */ = {isa = PBXBuildFile; fileRef = AE0EC6392A5169F600B0BCB2 /* MockPersistenceService.swift */; };
		AE1186AA2A508DCD0041C752 /* PersistenceService.swift in Sources */ = {isa = PBXBuildFile; fileRef = AE1186A92A508DCD0041C752 /* PersistenceService.swift */; };
		AE1186AD2A50930A0041C752 /* PeopleRepository.swift in Sources */ = {isa = PBXBuildFile; fileRef = AE1186AC2A50930A0041C752 /* PeopleRepository.swift */; };
		AE1186AF2A50936C0041C752 /* PersistenceServiceProtocol.swift in Sources */ = {isa = PBXBuildFile; fileRef = AE1186AE2A50936C0041C752 /* PersistenceServiceProtocol.swift */; };
		AE1186B12A5093FD0041C752 /* PeopleRepositoryProtocol.swift in Sources */ = {isa = PBXBuildFile; fileRef = AE1186B02A5093FD0041C752 /* PeopleRepositoryProtocol.swift */; };
		AE145EE02A5015E60034002C /* PersonDetailVC.swift in Sources */ = {isa = PBXBuildFile; fileRef = AE145EDF2A5015E60034002C /* PersonDetailVC.swift */; };
		AE145EE32A5016290034002C /* PersonDetailViewModel.swift in Sources */ = {isa = PBXBuildFile; fileRef = AE145EE22A5016290034002C /* PersonDetailViewModel.swift */; };
		AE145EE62A5017370034002C /* ScreenSize.swift in Sources */ = {isa = PBXBuildFile; fileRef = AE145EE52A5017370034002C /* ScreenSize.swift */; };
		AE145EEA2A502E4F0034002C /* ContactCell.swift in Sources */ = {isa = PBXBuildFile; fileRef = AE145EE92A502E4F0034002C /* ContactCell.swift */; };
		AE1DC4B82A4F69C000835FB2 /* DataLoadingViewController.swift in Sources */ = {isa = PBXBuildFile; fileRef = AE1DC4B72A4F69C000835FB2 /* DataLoadingViewController.swift */; };
		AE1DC4BD2A4F72B700835FB2 /* PersonDetailContentView.swift in Sources */ = {isa = PBXBuildFile; fileRef = AE1DC4BC2A4F72B700835FB2 /* PersonDetailContentView.swift */; };
		AEF2056D2A4ED80700CA99D1 /* AppDelegate.swift in Sources */ = {isa = PBXBuildFile; fileRef = AEF2056C2A4ED80700CA99D1 /* AppDelegate.swift */; };
		AEF2056F2A4ED80700CA99D1 /* SceneDelegate.swift in Sources */ = {isa = PBXBuildFile; fileRef = AEF2056E2A4ED80700CA99D1 /* SceneDelegate.swift */; };
		AEF205762A4ED80700CA99D1 /* Assets.xcassets in Resources */ = {isa = PBXBuildFile; fileRef = AEF205752A4ED80700CA99D1 /* Assets.xcassets */; };
		AEF205792A4ED80700CA99D1 /* LaunchScreen.storyboard in Resources */ = {isa = PBXBuildFile; fileRef = AEF205772A4ED80700CA99D1 /* LaunchScreen.storyboard */; };
		AEF205862A4ED96600CA99D1 /* PeopleListVC.swift in Sources */ = {isa = PBXBuildFile; fileRef = AEF205852A4ED96600CA99D1 /* PeopleListVC.swift */; };
		AEF205892A4EDAF200CA99D1 /* PeopleListContentView.swift in Sources */ = {isa = PBXBuildFile; fileRef = AEF205882A4EDAF200CA99D1 /* PeopleListContentView.swift */; };
		AEF2058C2A4EDC5800CA99D1 /* StringConstant.swift in Sources */ = {isa = PBXBuildFile; fileRef = AEF2058B2A4EDC5800CA99D1 /* StringConstant.swift */; };
		AEF2058F2A4EDDB400CA99D1 /* PeopleListViewModel.swift in Sources */ = {isa = PBXBuildFile; fileRef = AEF2058E2A4EDDB400CA99D1 /* PeopleListViewModel.swift */; };
		AEF205942A4EE29300CA99D1 /* PersonCell.swift in Sources */ = {isa = PBXBuildFile; fileRef = AEF205932A4EE29300CA99D1 /* PersonCell.swift */; };
		AEF205962A4EE45600CA99D1 /* ViewSizeConstant.swift in Sources */ = {isa = PBXBuildFile; fileRef = AEF205952A4EE45600CA99D1 /* ViewSizeConstant.swift */; };
		AEF205992A4EF09500CA99D1 /* PersonsResponse.swift in Sources */ = {isa = PBXBuildFile; fileRef = AEF205982A4EF09500CA99D1 /* PersonsResponse.swift */; };
		AEF2059C2A4EF56B00CA99D1 /* NetworkRouter.swift in Sources */ = {isa = PBXBuildFile; fileRef = AEF2059B2A4EF56B00CA99D1 /* NetworkRouter.swift */; };
		AEF2059E2A4EF68E00CA99D1 /* NetworkError.swift in Sources */ = {isa = PBXBuildFile; fileRef = AEF2059D2A4EF68E00CA99D1 /* NetworkError.swift */; };
		AEF205A52A4EF6CA00CA99D1 /* NetworkManager.swift in Sources */ = {isa = PBXBuildFile; fileRef = AEF205A02A4EF6CA00CA99D1 /* NetworkManager.swift */; };
		AEF205A62A4EF6CA00CA99D1 /* NetworkManagerProtocol.swift in Sources */ = {isa = PBXBuildFile; fileRef = AEF205A12A4EF6CA00CA99D1 /* NetworkManagerProtocol.swift */; };
		AEF205A72A4EF6CA00CA99D1 /* NetworkServiceProtocol.swift in Sources */ = {isa = PBXBuildFile; fileRef = AEF205A32A4EF6CA00CA99D1 /* NetworkServiceProtocol.swift */; };
		AEF205A82A4EF6CA00CA99D1 /* NetworkService.swift in Sources */ = {isa = PBXBuildFile; fileRef = AEF205A42A4EF6CA00CA99D1 /* NetworkService.swift */; };
		AEF205AA2A4EF94B00CA99D1 /* NetworkConstant.swift in Sources */ = {isa = PBXBuildFile; fileRef = AEF205A92A4EF94B00CA99D1 /* NetworkConstant.swift */; };
		AEF9764C2A4F049300C91E99 /* UIImageView+Ext.swift in Sources */ = {isa = PBXBuildFile; fileRef = AEF9764B2A4F049300C91E99 /* UIImageView+Ext.swift */; };
		AEF9764E2A4F064C00C91E99 /* ImageConstant.swift in Sources */ = {isa = PBXBuildFile; fileRef = AEF9764D2A4F064C00C91E99 /* ImageConstant.swift */; };
		AEF976512A4F07F400C91E99 /* CacheManager.swift in Sources */ = {isa = PBXBuildFile; fileRef = AEF976502A4F07F400C91E99 /* CacheManager.swift */; };
/* End PBXBuildFile section */

/* Begin PBXContainerItemProxy section */
		AE0EC61D2A5139C000B0BCB2 /* PBXContainerItemProxy */ = {
			isa = PBXContainerItemProxy;
			containerPortal = AEF205612A4ED80700CA99D1 /* Project object */;
			proxyType = 1;
			remoteGlobalIDString = AEF205682A4ED80700CA99D1;
			remoteInfo = PipedriveTakeHome;
		};
/* End PBXContainerItemProxy section */

/* Begin PBXFileReference section */
		AE0EC6192A5139C000B0BCB2 /* PipedriveTakeHomeTests.xctest */ = {isa = PBXFileReference; explicitFileType = wrapper.cfbundle; includeInIndex = 0; path = PipedriveTakeHomeTests.xctest; sourceTree = BUILT_PRODUCTS_DIR; };
		AE0EC6232A513A0800B0BCB2 /* NetworkServiceTests.swift */ = {isa = PBXFileReference; lastKnownFileType = sourcecode.swift; path = NetworkServiceTests.swift; sourceTree = "<group>"; };
		AE0EC6252A513ACC00B0BCB2 /* MockURLProtocol.swift */ = {isa = PBXFileReference; lastKnownFileType = sourcecode.swift; path = MockURLProtocol.swift; sourceTree = "<group>"; };
		AE0EC6272A513AFF00B0BCB2 /* ValidData.json */ = {isa = PBXFileReference; lastKnownFileType = text.json; path = ValidData.json; sourceTree = "<group>"; };
		AE0EC6292A513BBB00B0BCB2 /* InvalidData.json */ = {isa = PBXFileReference; lastKnownFileType = text.json; path = InvalidData.json; sourceTree = "<group>"; };
		AE0EC62F2A51529100B0BCB2 /* PersistenceServiceTests.swift */ = {isa = PBXFileReference; lastKnownFileType = sourcecode.swift; path = PersistenceServiceTests.swift; sourceTree = "<group>"; };
		AE0EC6332A5167FE00B0BCB2 /* PeopleRepositoryTests.swift */ = {isa = PBXFileReference; lastKnownFileType = sourcecode.swift; path = PeopleRepositoryTests.swift; sourceTree = "<group>"; };
		AE0EC6362A5168E600B0BCB2 /* MockNetworkManager.swift */ = {isa = PBXFileReference; lastKnownFileType = sourcecode.swift; path = MockNetworkManager.swift; sourceTree = "<group>"; };
		AE0EC6392A5169F600B0BCB2 /* MockPersistenceService.swift */ = {isa = PBXFileReference; lastKnownFileType = sourcecode.swift; path = MockPersistenceService.swift; sourceTree = "<group>"; };
		AE1186A92A508DCD0041C752 /* PersistenceService.swift */ = {isa = PBXFileReference; lastKnownFileType = sourcecode.swift; path = PersistenceService.swift; sourceTree = "<group>"; };
		AE1186AC2A50930A0041C752 /* PeopleRepository.swift */ = {isa = PBXFileReference; lastKnownFileType = sourcecode.swift; path = PeopleRepository.swift; sourceTree = "<group>"; };
		AE1186AE2A50936C0041C752 /* PersistenceServiceProtocol.swift */ = {isa = PBXFileReference; lastKnownFileType = sourcecode.swift; path = PersistenceServiceProtocol.swift; sourceTree = "<group>"; };
		AE1186B02A5093FD0041C752 /* PeopleRepositoryProtocol.swift */ = {isa = PBXFileReference; lastKnownFileType = sourcecode.swift; path = PeopleRepositoryProtocol.swift; sourceTree = "<group>"; };
		AE145EDF2A5015E60034002C /* PersonDetailVC.swift */ = {isa = PBXFileReference; lastKnownFileType = sourcecode.swift; path = PersonDetailVC.swift; sourceTree = "<group>"; };
		AE145EE22A5016290034002C /* PersonDetailViewModel.swift */ = {isa = PBXFileReference; lastKnownFileType = sourcecode.swift; path = PersonDetailViewModel.swift; sourceTree = "<group>"; };
		AE145EE52A5017370034002C /* ScreenSize.swift */ = {isa = PBXFileReference; lastKnownFileType = sourcecode.swift; path = ScreenSize.swift; sourceTree = "<group>"; };
		AE145EE92A502E4F0034002C /* ContactCell.swift */ = {isa = PBXFileReference; lastKnownFileType = sourcecode.swift; path = ContactCell.swift; sourceTree = "<group>"; };
		AE1DC4B72A4F69C000835FB2 /* DataLoadingViewController.swift */ = {isa = PBXFileReference; lastKnownFileType = sourcecode.swift; path = DataLoadingViewController.swift; sourceTree = "<group>"; };
		AE1DC4BC2A4F72B700835FB2 /* PersonDetailContentView.swift */ = {isa = PBXFileReference; lastKnownFileType = sourcecode.swift; path = PersonDetailContentView.swift; sourceTree = "<group>"; };
		AEF205692A4ED80700CA99D1 /* PipedriveTakeHome.app */ = {isa = PBXFileReference; explicitFileType = wrapper.application; includeInIndex = 0; path = PipedriveTakeHome.app; sourceTree = BUILT_PRODUCTS_DIR; };
		AEF2056C2A4ED80700CA99D1 /* AppDelegate.swift */ = {isa = PBXFileReference; lastKnownFileType = sourcecode.swift; path = AppDelegate.swift; sourceTree = "<group>"; };
		AEF2056E2A4ED80700CA99D1 /* SceneDelegate.swift */ = {isa = PBXFileReference; lastKnownFileType = sourcecode.swift; path = SceneDelegate.swift; sourceTree = "<group>"; };
		AEF205752A4ED80700CA99D1 /* Assets.xcassets */ = {isa = PBXFileReference; lastKnownFileType = folder.assetcatalog; path = Assets.xcassets; sourceTree = "<group>"; };
		AEF205782A4ED80700CA99D1 /* Base */ = {isa = PBXFileReference; lastKnownFileType = file.storyboard; name = Base; path = Base.lproj/LaunchScreen.storyboard; sourceTree = "<group>"; };
		AEF2057A2A4ED80700CA99D1 /* Info.plist */ = {isa = PBXFileReference; lastKnownFileType = text.plist.xml; path = Info.plist; sourceTree = "<group>"; };
		AEF205852A4ED96600CA99D1 /* PeopleListVC.swift */ = {isa = PBXFileReference; lastKnownFileType = sourcecode.swift; path = PeopleListVC.swift; sourceTree = "<group>"; };
		AEF205882A4EDAF200CA99D1 /* PeopleListContentView.swift */ = {isa = PBXFileReference; lastKnownFileType = sourcecode.swift; path = PeopleListContentView.swift; sourceTree = "<group>"; };
		AEF2058B2A4EDC5800CA99D1 /* StringConstant.swift */ = {isa = PBXFileReference; lastKnownFileType = sourcecode.swift; path = StringConstant.swift; sourceTree = "<group>"; };
		AEF2058E2A4EDDB400CA99D1 /* PeopleListViewModel.swift */ = {isa = PBXFileReference; lastKnownFileType = sourcecode.swift; path = PeopleListViewModel.swift; sourceTree = "<group>"; };
		AEF205932A4EE29300CA99D1 /* PersonCell.swift */ = {isa = PBXFileReference; lastKnownFileType = sourcecode.swift; path = PersonCell.swift; sourceTree = "<group>"; };
		AEF205952A4EE45600CA99D1 /* ViewSizeConstant.swift */ = {isa = PBXFileReference; lastKnownFileType = sourcecode.swift; path = ViewSizeConstant.swift; sourceTree = "<group>"; };
		AEF205982A4EF09500CA99D1 /* PersonsResponse.swift */ = {isa = PBXFileReference; lastKnownFileType = sourcecode.swift; path = PersonsResponse.swift; sourceTree = "<group>"; };
		AEF2059B2A4EF56B00CA99D1 /* NetworkRouter.swift */ = {isa = PBXFileReference; lastKnownFileType = sourcecode.swift; path = NetworkRouter.swift; sourceTree = "<group>"; };
		AEF2059D2A4EF68E00CA99D1 /* NetworkError.swift */ = {isa = PBXFileReference; lastKnownFileType = sourcecode.swift; path = NetworkError.swift; sourceTree = "<group>"; };
		AEF205A02A4EF6CA00CA99D1 /* NetworkManager.swift */ = {isa = PBXFileReference; fileEncoding = 4; lastKnownFileType = sourcecode.swift; path = NetworkManager.swift; sourceTree = "<group>"; };
		AEF205A12A4EF6CA00CA99D1 /* NetworkManagerProtocol.swift */ = {isa = PBXFileReference; fileEncoding = 4; lastKnownFileType = sourcecode.swift; path = NetworkManagerProtocol.swift; sourceTree = "<group>"; };
		AEF205A32A4EF6CA00CA99D1 /* NetworkServiceProtocol.swift */ = {isa = PBXFileReference; fileEncoding = 4; lastKnownFileType = sourcecode.swift; path = NetworkServiceProtocol.swift; sourceTree = "<group>"; };
		AEF205A42A4EF6CA00CA99D1 /* NetworkService.swift */ = {isa = PBXFileReference; fileEncoding = 4; lastKnownFileType = sourcecode.swift; path = NetworkService.swift; sourceTree = "<group>"; };
		AEF205A92A4EF94B00CA99D1 /* NetworkConstant.swift */ = {isa = PBXFileReference; lastKnownFileType = sourcecode.swift; path = NetworkConstant.swift; sourceTree = "<group>"; };
		AEF9764B2A4F049300C91E99 /* UIImageView+Ext.swift */ = {isa = PBXFileReference; lastKnownFileType = sourcecode.swift; path = "UIImageView+Ext.swift"; sourceTree = "<group>"; };
		AEF9764D2A4F064C00C91E99 /* ImageConstant.swift */ = {isa = PBXFileReference; lastKnownFileType = sourcecode.swift; path = ImageConstant.swift; sourceTree = "<group>"; };
		AEF976502A4F07F400C91E99 /* CacheManager.swift */ = {isa = PBXFileReference; lastKnownFileType = sourcecode.swift; path = CacheManager.swift; sourceTree = "<group>"; };
/* End PBXFileReference section */

/* Begin PBXFrameworksBuildPhase section */
		AE0EC6162A5139C000B0BCB2 /* Frameworks */ = {
			isa = PBXFrameworksBuildPhase;
			buildActionMask = 2147483647;
			files = (
			);
			runOnlyForDeploymentPostprocessing = 0;
		};
		AEF205662A4ED80700CA99D1 /* Frameworks */ = {
			isa = PBXFrameworksBuildPhase;
			buildActionMask = 2147483647;
			files = (
			);
			runOnlyForDeploymentPostprocessing = 0;
		};
/* End PBXFrameworksBuildPhase section */

/* Begin PBXGroup section */
		AE0EC61A2A5139C000B0BCB2 /* PipedriveTakeHomeTests */ = {
			isa = PBXGroup;
			children = (
				AE0EC6322A5167CD00B0BCB2 /* ManagerTests */,
			);
			path = PipedriveTakeHomeTests;
			sourceTree = "<group>";
		};
		AE0EC6222A5139D500B0BCB2 /* NetworkTests */ = {
			isa = PBXGroup;
			children = (
				AE0EC6232A513A0800B0BCB2 /* NetworkServiceTests.swift */,
				AE0EC6252A513ACC00B0BCB2 /* MockURLProtocol.swift */,
				AE0EC6272A513AFF00B0BCB2 /* ValidData.json */,
				AE0EC6292A513BBB00B0BCB2 /* InvalidData.json */,
			);
			path = NetworkTests;
			sourceTree = "<group>";
		};
		AE0EC62E2A51527C00B0BCB2 /* PersistenceTests */ = {
			isa = PBXGroup;
			children = (
				AE0EC62F2A51529100B0BCB2 /* PersistenceServiceTests.swift */,
			);
			path = PersistenceTests;
			sourceTree = "<group>";
		};
		AE0EC6312A5167C400B0BCB2 /* RepositoryTests */ = {
			isa = PBXGroup;
			children = (
				AE0EC6332A5167FE00B0BCB2 /* PeopleRepositoryTests.swift */,
				AE0EC6362A5168E600B0BCB2 /* MockNetworkManager.swift */,
				AE0EC6392A5169F600B0BCB2 /* MockPersistenceService.swift */,
			);
			path = RepositoryTests;
			sourceTree = "<group>";
		};
		AE0EC6322A5167CD00B0BCB2 /* ManagerTests */ = {
			isa = PBXGroup;
			children = (
				AE0EC6312A5167C400B0BCB2 /* RepositoryTests */,
				AE0EC62E2A51527C00B0BCB2 /* PersistenceTests */,
				AE0EC6222A5139D500B0BCB2 /* NetworkTests */,
			);
			path = ManagerTests;
			sourceTree = "<group>";
		};
		AE1186A82A508DC00041C752 /* Persistence */ = {
			isa = PBXGroup;
			children = (
				AE1186A92A508DCD0041C752 /* PersistenceService.swift */,
				AE1186AE2A50936C0041C752 /* PersistenceServiceProtocol.swift */,
			);
			path = Persistence;
			sourceTree = "<group>";
		};
		AE1186AB2A5092660041C752 /* Repository */ = {
			isa = PBXGroup;
			children = (
				AE1186AC2A50930A0041C752 /* PeopleRepository.swift */,
				AE1186B02A5093FD0041C752 /* PeopleRepositoryProtocol.swift */,
			);
			path = Repository;
			sourceTree = "<group>";
		};
		AE145EE12A5016110034002C /* ViewModel */ = {
			isa = PBXGroup;
			children = (
				AE145EE22A5016290034002C /* PersonDetailViewModel.swift */,
			);
			path = ViewModel;
			sourceTree = "<group>";
		};
		AE145EE42A50172D0034002C /* Utils */ = {
			isa = PBXGroup;
			children = (
				AE145EE52A5017370034002C /* ScreenSize.swift */,
			);
			path = Utils;
			sourceTree = "<group>";
		};
		AE145EE72A502E1E0034002C /* ContentView */ = {
			isa = PBXGroup;
			children = (
				AE1DC4BC2A4F72B700835FB2 /* PersonDetailContentView.swift */,
			);
			path = ContentView;
			sourceTree = "<group>";
		};
		AE145EE82A502E250034002C /* Cell */ = {
			isa = PBXGroup;
			children = (
				AE145EE92A502E4F0034002C /* ContactCell.swift */,
			);
			path = Cell;
			sourceTree = "<group>";
		};
		AE1DC4B52A4F69A300835FB2 /* Custom */ = {
			isa = PBXGroup;
			children = (
				AE1DC4B62A4F69AB00835FB2 /* VC */,
			);
			path = Custom;
			sourceTree = "<group>";
		};
		AE1DC4B62A4F69AB00835FB2 /* VC */ = {
			isa = PBXGroup;
			children = (
				AE1DC4B72A4F69C000835FB2 /* DataLoadingViewController.swift */,
			);
			path = VC;
			sourceTree = "<group>";
		};
		AE1DC4B92A4F728F00835FB2 /* PersonDetail */ = {
			isa = PBXGroup;
			children = (
				AE145EE12A5016110034002C /* ViewModel */,
				AE1DC4BB2A4F729D00835FB2 /* View */,
				AE1DC4BA2A4F729800835FB2 /* VC */,
			);
			path = PersonDetail;
			sourceTree = "<group>";
		};
		AE1DC4BA2A4F729800835FB2 /* VC */ = {
			isa = PBXGroup;
			children = (
				AE145EDF2A5015E60034002C /* PersonDetailVC.swift */,
			);
			path = VC;
			sourceTree = "<group>";
		};
		AE1DC4BB2A4F729D00835FB2 /* View */ = {
			isa = PBXGroup;
			children = (
				AE145EE82A502E250034002C /* Cell */,
				AE145EE72A502E1E0034002C /* ContentView */,
			);
			path = View;
			sourceTree = "<group>";
		};
		AEF205602A4ED80700CA99D1 = {
			isa = PBXGroup;
			children = (
				AEF2056B2A4ED80700CA99D1 /* PipedriveTakeHome */,
				AE0EC61A2A5139C000B0BCB2 /* PipedriveTakeHomeTests */,
				AEF2056A2A4ED80700CA99D1 /* Products */,
			);
			sourceTree = "<group>";
		};
		AEF2056A2A4ED80700CA99D1 /* Products */ = {
			isa = PBXGroup;
			children = (
				AEF205692A4ED80700CA99D1 /* PipedriveTakeHome.app */,
				AE0EC6192A5139C000B0BCB2 /* PipedriveTakeHomeTests.xctest */,
			);
			name = Products;
			sourceTree = "<group>";
		};
		AEF2056B2A4ED80700CA99D1 /* PipedriveTakeHome */ = {
			isa = PBXGroup;
			children = (
				AEF2058A2A4EDC3200CA99D1 /* Resource */,
				AEF205812A4ED88400CA99D1 /* Source */,
				AEF205802A4ED87000CA99D1 /* Support */,
				AEF2057A2A4ED80700CA99D1 /* Info.plist */,
			);
			path = PipedriveTakeHome;
			sourceTree = "<group>";
		};
		AEF205802A4ED87000CA99D1 /* Support */ = {
			isa = PBXGroup;
			children = (
				AEF2056C2A4ED80700CA99D1 /* AppDelegate.swift */,
				AEF2056E2A4ED80700CA99D1 /* SceneDelegate.swift */,
				AEF205772A4ED80700CA99D1 /* LaunchScreen.storyboard */,
			);
			path = Support;
			sourceTree = "<group>";
		};
		AEF205812A4ED88400CA99D1 /* Source */ = {
			isa = PBXGroup;
			children = (
				AE145EE42A50172D0034002C /* Utils */,
				AE1DC4B52A4F69A300835FB2 /* Custom */,
				AEF976492A4F047500C91E99 /* Extensions */,
				AEF2059A2A4EF54D00CA99D1 /* Managers */,
				AEF205822A4ED88F00CA99D1 /* Modules */,
			);
			path = Source;
			sourceTree = "<group>";
		};
		AEF205822A4ED88F00CA99D1 /* Modules */ = {
			isa = PBXGroup;
			children = (
				AE1DC4B92A4F728F00835FB2 /* PersonDetail */,
				AEF205832A4ED89500CA99D1 /* PeopleList */,
			);
			path = Modules;
			sourceTree = "<group>";
		};
		AEF205832A4ED89500CA99D1 /* PeopleList */ = {
			isa = PBXGroup;
			children = (
				AEF205972A4EF07B00CA99D1 /* Model */,
				AEF2058D2A4EDD9E00CA99D1 /* ViewModel */,
				AEF205872A4EDAD000CA99D1 /* View */,
				AEF205842A4ED95200CA99D1 /* VC */,
			);
			path = PeopleList;
			sourceTree = "<group>";
		};
		AEF205842A4ED95200CA99D1 /* VC */ = {
			isa = PBXGroup;
			children = (
				AEF205852A4ED96600CA99D1 /* PeopleListVC.swift */,
			);
			path = VC;
			sourceTree = "<group>";
		};
		AEF205872A4EDAD000CA99D1 /* View */ = {
			isa = PBXGroup;
			children = (
				AEF205922A4EE25D00CA99D1 /* Cell */,
				AEF205912A4EE25200CA99D1 /* ContentView */,
			);
			path = View;
			sourceTree = "<group>";
		};
		AEF2058A2A4EDC3200CA99D1 /* Resource */ = {
			isa = PBXGroup;
			children = (
				AEF205752A4ED80700CA99D1 /* Assets.xcassets */,
				AEF2058B2A4EDC5800CA99D1 /* StringConstant.swift */,
				AEF205952A4EE45600CA99D1 /* ViewSizeConstant.swift */,
				AEF9764D2A4F064C00C91E99 /* ImageConstant.swift */,
			);
			path = Resource;
			sourceTree = "<group>";
		};
		AEF2058D2A4EDD9E00CA99D1 /* ViewModel */ = {
			isa = PBXGroup;
			children = (
				AEF2058E2A4EDDB400CA99D1 /* PeopleListViewModel.swift */,
			);
			path = ViewModel;
			sourceTree = "<group>";
		};
		AEF205912A4EE25200CA99D1 /* ContentView */ = {
			isa = PBXGroup;
			children = (
				AEF205882A4EDAF200CA99D1 /* PeopleListContentView.swift */,
			);
			path = ContentView;
			sourceTree = "<group>";
		};
		AEF205922A4EE25D00CA99D1 /* Cell */ = {
			isa = PBXGroup;
			children = (
				AEF205932A4EE29300CA99D1 /* PersonCell.swift */,
			);
			path = Cell;
			sourceTree = "<group>";
		};
		AEF205972A4EF07B00CA99D1 /* Model */ = {
			isa = PBXGroup;
			children = (
				AEF205982A4EF09500CA99D1 /* PersonsResponse.swift */,
			);
			path = Model;
			sourceTree = "<group>";
		};
		AEF2059A2A4EF54D00CA99D1 /* Managers */ = {
			isa = PBXGroup;
			children = (
				AE1186AB2A5092660041C752 /* Repository */,
				AE1186A82A508DC00041C752 /* Persistence */,
				AEF9764F2A4F07E900C91E99 /* Cache */,
				AEF205AB2A4EF9EE00CA99D1 /* Networking */,
			);
			path = Managers;
			sourceTree = "<group>";
		};
		AEF2059F2A4EF6CA00CA99D1 /* NetworkManager */ = {
			isa = PBXGroup;
			children = (
				AEF205A02A4EF6CA00CA99D1 /* NetworkManager.swift */,
				AEF205A12A4EF6CA00CA99D1 /* NetworkManagerProtocol.swift */,
			);
			path = NetworkManager;
			sourceTree = "<group>";
		};
		AEF205A22A4EF6CA00CA99D1 /* NetworkService */ = {
			isa = PBXGroup;
			children = (
				AEF205A32A4EF6CA00CA99D1 /* NetworkServiceProtocol.swift */,
				AEF205A42A4EF6CA00CA99D1 /* NetworkService.swift */,
			);
			path = NetworkService;
			sourceTree = "<group>";
		};
		AEF205AB2A4EF9EE00CA99D1 /* Networking */ = {
			isa = PBXGroup;
			children = (
				AEF2059F2A4EF6CA00CA99D1 /* NetworkManager */,
				AEF205A22A4EF6CA00CA99D1 /* NetworkService */,
				AEF2059B2A4EF56B00CA99D1 /* NetworkRouter.swift */,
				AEF2059D2A4EF68E00CA99D1 /* NetworkError.swift */,
				AEF205A92A4EF94B00CA99D1 /* NetworkConstant.swift */,
			);
			path = Networking;
			sourceTree = "<group>";
		};
		AEF976492A4F047500C91E99 /* Extensions */ = {
			isa = PBXGroup;
			children = (
				AEF9764A2A4F048000C91E99 /* UIImageView+Ext */,
			);
			path = Extensions;
			sourceTree = "<group>";
		};
		AEF9764A2A4F048000C91E99 /* UIImageView+Ext */ = {
			isa = PBXGroup;
			children = (
				AEF9764B2A4F049300C91E99 /* UIImageView+Ext.swift */,
			);
			path = "UIImageView+Ext";
			sourceTree = "<group>";
		};
		AEF9764F2A4F07E900C91E99 /* Cache */ = {
			isa = PBXGroup;
			children = (
				AEF976502A4F07F400C91E99 /* CacheManager.swift */,
			);
			path = Cache;
			sourceTree = "<group>";
		};
/* End PBXGroup section */

/* Begin PBXNativeTarget section */
		AE0EC6182A5139C000B0BCB2 /* PipedriveTakeHomeTests */ = {
			isa = PBXNativeTarget;
			buildConfigurationList = AE0EC6212A5139C000B0BCB2 /* Build configuration list for PBXNativeTarget "PipedriveTakeHomeTests" */;
			buildPhases = (
				AE0EC6152A5139C000B0BCB2 /* Sources */,
				AE0EC6162A5139C000B0BCB2 /* Frameworks */,
				AE0EC6172A5139C000B0BCB2 /* Resources */,
			);
			buildRules = (
			);
			dependencies = (
				AE0EC61E2A5139C000B0BCB2 /* PBXTargetDependency */,
			);
			name = PipedriveTakeHomeTests;
			productName = PipedriveTakeHomeTests;
			productReference = AE0EC6192A5139C000B0BCB2 /* PipedriveTakeHomeTests.xctest */;
			productType = "com.apple.product-type.bundle.unit-test";
		};
		AEF205682A4ED80700CA99D1 /* PipedriveTakeHome */ = {
			isa = PBXNativeTarget;
			buildConfigurationList = AEF2057D2A4ED80700CA99D1 /* Build configuration list for PBXNativeTarget "PipedriveTakeHome" */;
			buildPhases = (
				AEF205652A4ED80700CA99D1 /* Sources */,
				AEF205662A4ED80700CA99D1 /* Frameworks */,
				AEF205672A4ED80700CA99D1 /* Resources */,
			);
			buildRules = (
			);
			dependencies = (
			);
			name = PipedriveTakeHome;
			packageProductDependencies = (
			);
			productName = PipedriveTakeHome;
			productReference = AEF205692A4ED80700CA99D1 /* PipedriveTakeHome.app */;
			productType = "com.apple.product-type.application";
		};
/* End PBXNativeTarget section */

/* Begin PBXProject section */
		AEF205612A4ED80700CA99D1 /* Project object */ = {
			isa = PBXProject;
			attributes = {
				BuildIndependentTargetsInParallel = 1;
				LastSwiftUpdateCheck = 1430;
				LastUpgradeCheck = 1430;
				TargetAttributes = {
					AE0EC6182A5139C000B0BCB2 = {
						CreatedOnToolsVersion = 14.3;
						TestTargetID = AEF205682A4ED80700CA99D1;
					};
					AEF205682A4ED80700CA99D1 = {
						CreatedOnToolsVersion = 14.3;
					};
				};
			};
			buildConfigurationList = AEF205642A4ED80700CA99D1 /* Build configuration list for PBXProject "PipedriveTakeHome" */;
			compatibilityVersion = "Xcode 14.0";
			developmentRegion = en;
			hasScannedForEncodings = 0;
			knownRegions = (
				en,
				Base,
			);
			mainGroup = AEF205602A4ED80700CA99D1;
			packageReferences = (
			);
			productRefGroup = AEF2056A2A4ED80700CA99D1 /* Products */;
			projectDirPath = "";
			projectRoot = "";
			targets = (
				AEF205682A4ED80700CA99D1 /* PipedriveTakeHome */,
				AE0EC6182A5139C000B0BCB2 /* PipedriveTakeHomeTests */,
			);
		};
/* End PBXProject section */

/* Begin PBXResourcesBuildPhase section */
		AE0EC6172A5139C000B0BCB2 /* Resources */ = {
			isa = PBXResourcesBuildPhase;
			buildActionMask = 2147483647;
			files = (
				AE0EC62A2A513BBB00B0BCB2 /* InvalidData.json in Resources */,
				AE0EC6282A513AFF00B0BCB2 /* ValidData.json in Resources */,
			);
			runOnlyForDeploymentPostprocessing = 0;
		};
		AEF205672A4ED80700CA99D1 /* Resources */ = {
			isa = PBXResourcesBuildPhase;
			buildActionMask = 2147483647;
			files = (
				AEF205792A4ED80700CA99D1 /* LaunchScreen.storyboard in Resources */,
				AEF205762A4ED80700CA99D1 /* Assets.xcassets in Resources */,
			);
			runOnlyForDeploymentPostprocessing = 0;
		};
/* End PBXResourcesBuildPhase section */

/* Begin PBXSourcesBuildPhase section */
		AE0EC6152A5139C000B0BCB2 /* Sources */ = {
			isa = PBXSourcesBuildPhase;
			buildActionMask = 2147483647;
			files = (
				AE0EC6302A51529100B0BCB2 /* PersistenceServiceTests.swift in Sources */,
				AE0EC6262A513ACC00B0BCB2 /* MockURLProtocol.swift in Sources */,
				AE0EC6242A513A0800B0BCB2 /* NetworkServiceTests.swift in Sources */,
				AE0EC6342A5167FE00B0BCB2 /* PeopleRepositoryTests.swift in Sources */,
				AE0EC6372A5168E600B0BCB2 /* MockNetworkManager.swift in Sources */,
				AE0EC63A2A5169F600B0BCB2 /* MockPersistenceService.swift in Sources */,
			);
			runOnlyForDeploymentPostprocessing = 0;
		};
		AEF205652A4ED80700CA99D1 /* Sources */ = {
			isa = PBXSourcesBuildPhase;
			buildActionMask = 2147483647;
			files = (
				AEF205A52A4EF6CA00CA99D1 /* NetworkManager.swift in Sources */,
				AE1186B12A5093FD0041C752 /* PeopleRepositoryProtocol.swift in Sources */,
				AEF2056D2A4ED80700CA99D1 /* AppDelegate.swift in Sources */,
				AE1186AA2A508DCD0041C752 /* PersistenceService.swift in Sources */,
				AEF2058F2A4EDDB400CA99D1 /* PeopleListViewModel.swift in Sources */,
				AEF205892A4EDAF200CA99D1 /* PeopleListContentView.swift in Sources */,
				AEF205862A4ED96600CA99D1 /* PeopleListVC.swift in Sources */,
				AE145EE32A5016290034002C /* PersonDetailViewModel.swift in Sources */,
				AE1DC4B82A4F69C000835FB2 /* DataLoadingViewController.swift in Sources */,
				AE145EE02A5015E60034002C /* PersonDetailVC.swift in Sources */,
				AEF205992A4EF09500CA99D1 /* PersonsResponse.swift in Sources */,
				AE1DC4BD2A4F72B700835FB2 /* PersonDetailContentView.swift in Sources */,
				AEF2056F2A4ED80700CA99D1 /* SceneDelegate.swift in Sources */,
				AEF205962A4EE45600CA99D1 /* ViewSizeConstant.swift in Sources */,
				AEF205AA2A4EF94B00CA99D1 /* NetworkConstant.swift in Sources */,
				AEF9764C2A4F049300C91E99 /* UIImageView+Ext.swift in Sources */,
				AEF2059C2A4EF56B00CA99D1 /* NetworkRouter.swift in Sources */,
				AE145EEA2A502E4F0034002C /* ContactCell.swift in Sources */,
				AEF2058C2A4EDC5800CA99D1 /* StringConstant.swift in Sources */,
				AEF205A82A4EF6CA00CA99D1 /* NetworkService.swift in Sources */,
				AEF976512A4F07F400C91E99 /* CacheManager.swift in Sources */,
				AEF9764E2A4F064C00C91E99 /* ImageConstant.swift in Sources */,
				AEF205A72A4EF6CA00CA99D1 /* NetworkServiceProtocol.swift in Sources */,
				AEF2059E2A4EF68E00CA99D1 /* NetworkError.swift in Sources */,
				AE145EE62A5017370034002C /* ScreenSize.swift in Sources */,
				AEF205A62A4EF6CA00CA99D1 /* NetworkManagerProtocol.swift in Sources */,
				AE1186AD2A50930A0041C752 /* PeopleRepository.swift in Sources */,
				AE1186AF2A50936C0041C752 /* PersistenceServiceProtocol.swift in Sources */,
				AEF205942A4EE29300CA99D1 /* PersonCell.swift in Sources */,
			);
			runOnlyForDeploymentPostprocessing = 0;
		};
/* End PBXSourcesBuildPhase section */

/* Begin PBXTargetDependency section */
		AE0EC61E2A5139C000B0BCB2 /* PBXTargetDependency */ = {
			isa = PBXTargetDependency;
			target = AEF205682A4ED80700CA99D1 /* PipedriveTakeHome */;
			targetProxy = AE0EC61D2A5139C000B0BCB2 /* PBXContainerItemProxy */;
		};
/* End PBXTargetDependency section */

/* Begin PBXVariantGroup section */
		AEF205772A4ED80700CA99D1 /* LaunchScreen.storyboard */ = {
			isa = PBXVariantGroup;
			children = (
				AEF205782A4ED80700CA99D1 /* Base */,
			);
			name = LaunchScreen.storyboard;
			sourceTree = "<group>";
		};
/* End PBXVariantGroup section */

/* Begin XCBuildConfiguration section */
		AE0EC61F2A5139C000B0BCB2 /* Debug */ = {
			isa = XCBuildConfiguration;
			buildSettings = {
				BUNDLE_LOADER = "$(TEST_HOST)";
				CODE_SIGN_STYLE = Automatic;
				CURRENT_PROJECT_VERSION = 1;
				DEVELOPMENT_TEAM = 7DQ27655C6;
				GENERATE_INFOPLIST_FILE = YES;
				IPHONEOS_DEPLOYMENT_TARGET = 16.0;
				MARKETING_VERSION = 1.0;
				PRODUCT_BUNDLE_IDENTIFIER = com.ahmerm.PipedriveTakeHomeTests;
				PRODUCT_NAME = "$(TARGET_NAME)";
				SWIFT_EMIT_LOC_STRINGS = NO;
				SWIFT_VERSION = 5.0;
				TARGETED_DEVICE_FAMILY = "1,2";
				TEST_HOST = "$(BUILT_PRODUCTS_DIR)/PipedriveTakeHome.app/$(BUNDLE_EXECUTABLE_FOLDER_PATH)/PipedriveTakeHome";
			};
			name = Debug;
		};
		AE0EC6202A5139C000B0BCB2 /* Release */ = {
			isa = XCBuildConfiguration;
			buildSettings = {
				BUNDLE_LOADER = "$(TEST_HOST)";
				CODE_SIGN_STYLE = Automatic;
				CURRENT_PROJECT_VERSION = 1;
				DEVELOPMENT_TEAM = 7DQ27655C6;
				GENERATE_INFOPLIST_FILE = YES;
				IPHONEOS_DEPLOYMENT_TARGET = 16.0;
				MARKETING_VERSION = 1.0;
				PRODUCT_BUNDLE_IDENTIFIER = com.ahmerm.PipedriveTakeHomeTests;
				PRODUCT_NAME = "$(TARGET_NAME)";
				SWIFT_EMIT_LOC_STRINGS = NO;
				SWIFT_VERSION = 5.0;
				TARGETED_DEVICE_FAMILY = "1,2";
				TEST_HOST = "$(BUILT_PRODUCTS_DIR)/PipedriveTakeHome.app/$(BUNDLE_EXECUTABLE_FOLDER_PATH)/PipedriveTakeHome";
			};
			name = Release;
		};
		AEF2057B2A4ED80700CA99D1 /* Debug */ = {
			isa = XCBuildConfiguration;
			buildSettings = {
				ALWAYS_SEARCH_USER_PATHS = NO;
				CLANG_ANALYZER_NONNULL = YES;
				CLANG_ANALYZER_NUMBER_OBJECT_CONVERSION = YES_AGGRESSIVE;
				CLANG_CXX_LANGUAGE_STANDARD = "gnu++20";
				CLANG_ENABLE_MODULES = YES;
				CLANG_ENABLE_OBJC_ARC = YES;
				CLANG_ENABLE_OBJC_WEAK = YES;
				CLANG_WARN_BLOCK_CAPTURE_AUTORELEASING = YES;
				CLANG_WARN_BOOL_CONVERSION = YES;
				CLANG_WARN_COMMA = YES;
				CLANG_WARN_CONSTANT_CONVERSION = YES;
				CLANG_WARN_DEPRECATED_OBJC_IMPLEMENTATIONS = YES;
				CLANG_WARN_DIRECT_OBJC_ISA_USAGE = YES_ERROR;
				CLANG_WARN_DOCUMENTATION_COMMENTS = YES;
				CLANG_WARN_EMPTY_BODY = YES;
				CLANG_WARN_ENUM_CONVERSION = YES;
				CLANG_WARN_INFINITE_RECURSION = YES;
				CLANG_WARN_INT_CONVERSION = YES;
				CLANG_WARN_NON_LITERAL_NULL_CONVERSION = YES;
				CLANG_WARN_OBJC_IMPLICIT_RETAIN_SELF = YES;
				CLANG_WARN_OBJC_LITERAL_CONVERSION = YES;
				CLANG_WARN_OBJC_ROOT_CLASS = YES_ERROR;
				CLANG_WARN_QUOTED_INCLUDE_IN_FRAMEWORK_HEADER = YES;
				CLANG_WARN_RANGE_LOOP_ANALYSIS = YES;
				CLANG_WARN_STRICT_PROTOTYPES = YES;
				CLANG_WARN_SUSPICIOUS_MOVE = YES;
				CLANG_WARN_UNGUARDED_AVAILABILITY = YES_AGGRESSIVE;
				CLANG_WARN_UNREACHABLE_CODE = YES;
				CLANG_WARN__DUPLICATE_METHOD_MATCH = YES;
				COPY_PHASE_STRIP = NO;
				DEBUG_INFORMATION_FORMAT = dwarf;
				ENABLE_STRICT_OBJC_MSGSEND = YES;
				ENABLE_TESTABILITY = YES;
				GCC_C_LANGUAGE_STANDARD = gnu11;
				GCC_DYNAMIC_NO_PIC = NO;
				GCC_NO_COMMON_BLOCKS = YES;
				GCC_OPTIMIZATION_LEVEL = 0;
				GCC_PREPROCESSOR_DEFINITIONS = (
					"DEBUG=1",
					"$(inherited)",
				);
				GCC_WARN_64_TO_32_BIT_CONVERSION = YES;
				GCC_WARN_ABOUT_RETURN_TYPE = YES_ERROR;
				GCC_WARN_UNDECLARED_SELECTOR = YES;
				GCC_WARN_UNINITIALIZED_AUTOS = YES_AGGRESSIVE;
				GCC_WARN_UNUSED_FUNCTION = YES;
				GCC_WARN_UNUSED_VARIABLE = YES;
				IPHONEOS_DEPLOYMENT_TARGET = 16.0;
				MTL_ENABLE_DEBUG_INFO = INCLUDE_SOURCE;
				MTL_FAST_MATH = YES;
				ONLY_ACTIVE_ARCH = YES;
				SDKROOT = iphoneos;
				SWIFT_ACTIVE_COMPILATION_CONDITIONS = DEBUG;
				SWIFT_OPTIMIZATION_LEVEL = "-Onone";
			};
			name = Debug;
		};
		AEF2057C2A4ED80700CA99D1 /* Release */ = {
			isa = XCBuildConfiguration;
			buildSettings = {
				ALWAYS_SEARCH_USER_PATHS = NO;
				CLANG_ANALYZER_NONNULL = YES;
				CLANG_ANALYZER_NUMBER_OBJECT_CONVERSION = YES_AGGRESSIVE;
				CLANG_CXX_LANGUAGE_STANDARD = "gnu++20";
				CLANG_ENABLE_MODULES = YES;
				CLANG_ENABLE_OBJC_ARC = YES;
				CLANG_ENABLE_OBJC_WEAK = YES;
				CLANG_WARN_BLOCK_CAPTURE_AUTORELEASING = YES;
				CLANG_WARN_BOOL_CONVERSION = YES;
				CLANG_WARN_COMMA = YES;
				CLANG_WARN_CONSTANT_CONVERSION = YES;
				CLANG_WARN_DEPRECATED_OBJC_IMPLEMENTATIONS = YES;
				CLANG_WARN_DIRECT_OBJC_ISA_USAGE = YES_ERROR;
				CLANG_WARN_DOCUMENTATION_COMMENTS = YES;
				CLANG_WARN_EMPTY_BODY = YES;
				CLANG_WARN_ENUM_CONVERSION = YES;
				CLANG_WARN_INFINITE_RECURSION = YES;
				CLANG_WARN_INT_CONVERSION = YES;
				CLANG_WARN_NON_LITERAL_NULL_CONVERSION = YES;
				CLANG_WARN_OBJC_IMPLICIT_RETAIN_SELF = YES;
				CLANG_WARN_OBJC_LITERAL_CONVERSION = YES;
				CLANG_WARN_OBJC_ROOT_CLASS = YES_ERROR;
				CLANG_WARN_QUOTED_INCLUDE_IN_FRAMEWORK_HEADER = YES;
				CLANG_WARN_RANGE_LOOP_ANALYSIS = YES;
				CLANG_WARN_STRICT_PROTOTYPES = YES;
				CLANG_WARN_SUSPICIOUS_MOVE = YES;
				CLANG_WARN_UNGUARDED_AVAILABILITY = YES_AGGRESSIVE;
				CLANG_WARN_UNREACHABLE_CODE = YES;
				CLANG_WARN__DUPLICATE_METHOD_MATCH = YES;
				COPY_PHASE_STRIP = NO;
				DEBUG_INFORMATION_FORMAT = "dwarf-with-dsym";
				ENABLE_NS_ASSERTIONS = NO;
				ENABLE_STRICT_OBJC_MSGSEND = YES;
				GCC_C_LANGUAGE_STANDARD = gnu11;
				GCC_NO_COMMON_BLOCKS = YES;
				GCC_WARN_64_TO_32_BIT_CONVERSION = YES;
				GCC_WARN_ABOUT_RETURN_TYPE = YES_ERROR;
				GCC_WARN_UNDECLARED_SELECTOR = YES;
				GCC_WARN_UNINITIALIZED_AUTOS = YES_AGGRESSIVE;
				GCC_WARN_UNUSED_FUNCTION = YES;
				GCC_WARN_UNUSED_VARIABLE = YES;
				IPHONEOS_DEPLOYMENT_TARGET = 16.0;
				MTL_ENABLE_DEBUG_INFO = NO;
				MTL_FAST_MATH = YES;
				SDKROOT = iphoneos;
				SWIFT_COMPILATION_MODE = wholemodule;
				SWIFT_OPTIMIZATION_LEVEL = "-O";
				VALIDATE_PRODUCT = YES;
			};
			name = Release;
		};
		AEF2057E2A4ED80700CA99D1 /* Debug */ = {
			isa = XCBuildConfiguration;
			buildSettings = {
				ASSETCATALOG_COMPILER_APPICON_NAME = AppIcon;
				ASSETCATALOG_COMPILER_GLOBAL_ACCENT_COLOR_NAME = AccentColor;
				CODE_SIGN_STYLE = Automatic;
				CURRENT_PROJECT_VERSION = 1;
				DEVELOPMENT_TEAM = 7DQ27655C6;
				GENERATE_INFOPLIST_FILE = YES;
				INFOPLIST_FILE = PipedriveTakeHome/Info.plist;
				INFOPLIST_KEY_UIApplicationSupportsIndirectInputEvents = YES;
				INFOPLIST_KEY_UILaunchStoryboardName = LaunchScreen;
				INFOPLIST_KEY_UISupportedInterfaceOrientations = UIInterfaceOrientationPortrait;
				INFOPLIST_KEY_UISupportedInterfaceOrientations_iPad = "UIInterfaceOrientationLandscapeLeft UIInterfaceOrientationLandscapeRight UIInterfaceOrientationPortrait UIInterfaceOrientationPortraitUpsideDown";
				LD_RUNPATH_SEARCH_PATHS = (
					"$(inherited)",
					"@executable_path/Frameworks",
				);
				MARKETING_VERSION = 1.0;
				PRODUCT_BUNDLE_IDENTIFIER = com.ahmerm.PipedriveTakeHome;
				PRODUCT_NAME = "$(TARGET_NAME)";
				SUPPORTED_PLATFORMS = "iphoneos iphonesimulator";
				SUPPORTS_MACCATALYST = NO;
				SUPPORTS_MAC_DESIGNED_FOR_IPHONE_IPAD = NO;
				SWIFT_EMIT_LOC_STRINGS = YES;
				SWIFT_VERSION = 5.0;
				TARGETED_DEVICE_FAMILY = 1;
			};
			name = Debug;
		};
		AEF2057F2A4ED80700CA99D1 /* Release */ = {
			isa = XCBuildConfiguration;
			buildSettings = {
				ASSETCATALOG_COMPILER_APPICON_NAME = AppIcon;
				ASSETCATALOG_COMPILER_GLOBAL_ACCENT_COLOR_NAME = AccentColor;
				CODE_SIGN_STYLE = Automatic;
				CURRENT_PROJECT_VERSION = 1;
				DEVELOPMENT_TEAM = 7DQ27655C6;
				GENERATE_INFOPLIST_FILE = YES;
				INFOPLIST_FILE = PipedriveTakeHome/Info.plist;
				INFOPLIST_KEY_UIApplicationSupportsIndirectInputEvents = YES;
				INFOPLIST_KEY_UILaunchStoryboardName = LaunchScreen;
				INFOPLIST_KEY_UISupportedInterfaceOrientations = UIInterfaceOrientationPortrait;
				INFOPLIST_KEY_UISupportedInterfaceOrientations_iPad = "UIInterfaceOrientationLandscapeLeft UIInterfaceOrientationLandscapeRight UIInterfaceOrientationPortrait UIInterfaceOrientationPortraitUpsideDown";
				LD_RUNPATH_SEARCH_PATHS = (
					"$(inherited)",
					"@executable_path/Frameworks",
				);
				MARKETING_VERSION = 1.0;
				PRODUCT_BUNDLE_IDENTIFIER = com.ahmerm.PipedriveTakeHome;
				PRODUCT_NAME = "$(TARGET_NAME)";
				SUPPORTED_PLATFORMS = "iphoneos iphonesimulator";
				SUPPORTS_MACCATALYST = NO;
				SUPPORTS_MAC_DESIGNED_FOR_IPHONE_IPAD = NO;
				SWIFT_EMIT_LOC_STRINGS = YES;
				SWIFT_VERSION = 5.0;
				TARGETED_DEVICE_FAMILY = 1;
			};
			name = Release;
		};
/* End XCBuildConfiguration section */

/* Begin XCConfigurationList section */
		AE0EC6212A5139C000B0BCB2 /* Build configuration list for PBXNativeTarget "PipedriveTakeHomeTests" */ = {
			isa = XCConfigurationList;
			buildConfigurations = (
				AE0EC61F2A5139C000B0BCB2 /* Debug */,
				AE0EC6202A5139C000B0BCB2 /* Release */,
			);
			defaultConfigurationIsVisible = 0;
			defaultConfigurationName = Release;
		};
		AEF205642A4ED80700CA99D1 /* Build configuration list for PBXProject "PipedriveTakeHome" */ = {
			isa = XCConfigurationList;
			buildConfigurations = (
				AEF2057B2A4ED80700CA99D1 /* Debug */,
				AEF2057C2A4ED80700CA99D1 /* Release */,
			);
			defaultConfigurationIsVisible = 0;
			defaultConfigurationName = Release;
		};
		AEF2057D2A4ED80700CA99D1 /* Build configuration list for PBXNativeTarget "PipedriveTakeHome" */ = {
			isa = XCConfigurationList;
			buildConfigurations = (
				AEF2057E2A4ED80700CA99D1 /* Debug */,
				AEF2057F2A4ED80700CA99D1 /* Release */,
			);
			defaultConfigurationIsVisible = 0;
			defaultConfigurationName = Release;
		};
/* End XCConfigurationList section */
	};
	rootObject = AEF205612A4ED80700CA99D1 /* Project object */;
}
